# This file is autogenerated, do not edit; changes may be undone by the next 'dep ensure'.


[[projects]]
  digest = "1:f84b42f5e6be333dc679e66d2bb797ee54239471151399fc8bd3350f76b2e28b"
  name = "bitbucket.org/atlassian/go-asap"
  packages = ["."]
  pruneopts = "UT"
  revision = "d78e91e20cfab4bbec2a698e30a9dd9cb5959bb5"
  source = "https://bitbucket.org/atlassian/go-asap.git"
  version = "v2.2.0"

[[projects]]
  digest = "1:a69ab3f1445ffd4815add4bd31ba05b65b3b9fec1ade5057d5d717f30e6efd6d"
  name = "github.com/SermoDigital/jose"
  packages = [
    ".",
    "crypto",
    "jws",
    "jwt",
  ]
  pruneopts = "UT"
  revision = "f6df55f235c24f236d11dbcf665249a59ac2021f"
  version = "1.1"

[[projects]]
  digest = "1:b4fccd099984b7d110071a0c53fdbc3bb1f5d9f444061f7c9e73ce49c6a15391"
  name = "github.com/asecurityteam/httpstats"
  packages = ["."]
  pruneopts = "UT"
  revision = "c2085dfd2a77f68d6a01a9105c3f2312e1ab2d9d"
  version = "2.1.1"

[[projects]]
  digest = "1:ffadaa3e19072a02b4727002937b7a677973f2eed0a89b4a8c750576339bbaa5"
  name = "github.com/asecurityteam/logevent"
  packages = [
    ".",
    "http",
  ]
  pruneopts = "UT"
  revision = "b32737d8d51c86c030b126ef9028cb2bab259aa1"
  version = "1.0.4"

[[projects]]
  branch = "master"
  digest = "1:fe321de7854c65af149fe7c66a7ed3ad82046902536e1aa41ec509f5fb942426"
  name = "github.com/asecurityteam/runhttp"
  packages = ["."]
  pruneopts = "UT"
  revision = "60620809c4931ced5fde6400c2462236cf3e9c16"

[[projects]]
  branch = "master"
  digest = "1:391bbf4e67d50d74c1bb7dfad79222181327ff6d9a32324ed022b12051b5d5e8"
  name = "github.com/asecurityteam/settings"
  packages = ["."]
  pruneopts = "UT"
  revision = "d4142d59861b3779aeba32111096d43ae940e49d"

[[projects]]
  digest = "1:067d27a5520b7ab98a652f32b33785de2ffc7028e50c722c993e7ee218046a30"
  name = "github.com/asecurityteam/transport"
  packages = ["."]
  pruneopts = "UT"
  revision = "b848ebf618ee2a8131b88126469b693aa035457f"
  version = "1.1.2"

[[projects]]
  branch = "master"
  digest = "1:5b301aabe51d73d14676a120fb6e064faaa14b3039b5b7c19646dd112c9b4030"
  name = "github.com/asecurityteam/transportd"
  packages = [
    "pkg",
    "pkg/components",
  ]
  pruneopts = "UT"
  revision = "70ed2fe8789a8405d47ec9aff014984ac227de4f"

[[projects]]
  digest = "1:ffe9824d294da03b391f44e1ae8281281b4afc1bdaa9588c9097785e3af10cec"
  name = "github.com/davecgh/go-spew"
  packages = ["spew"]
  pruneopts = "UT"
  revision = "8991bc29aa16c548c550c7ff78260e27b9ab7c73"
  version = "v1.1.1"

[[projects]]
  digest = "1:af43bdaaf86655a2343f113e9b293bbc16b12099eaeb223982bbe4d4c22ba14d"
  name = "github.com/fatih/structs"
  packages = ["."]
  pruneopts = "UT"
  revision = "4966fc68f5b7593aafa6cbbba2d65ec6e1416047"
  version = "v1.1.0"

[[projects]]
  digest = "1:5fab091426803052f0bfc0ca2191870525b704b1d92bde369be6c87d35bc65c7"
  name = "github.com/getkin/kin-openapi"
  packages = [
    "jsoninfo",
    "openapi3",
    "openapi3filter",
    "pathpattern",
  ]
  pruneopts = "UT"
  revision = "db27d873292dcb033e3ce56f142dfb0ee65d55d4"
  version = "v0.1.0"

[[projects]]
  digest = "1:2cd7915ab26ede7d95b8749e6b1f933f1c6d5398030684e6505940a10f31cfda"
  name = "github.com/ghodss/yaml"
  packages = ["."]
  pruneopts = "UT"
  revision = "0ca9ea5df5451ffdf184b4428c902747c2c11cd7"
  version = "v1.0.0"

[[projects]]
  digest = "1:4d2e5a73dc1500038e504a8d78b986630e3626dc027bc030ba5c75da257cdb96"
  name = "github.com/go-yaml/yaml"
  packages = ["."]
  pruneopts = "UT"
  revision = "51d6538a90f86fe93ac480b35f37b2be17fef232"
  version = "v2.2.2"

[[projects]]
  digest = "1:b60efdeb75d3c0ceed88783ac2495256aba3491a537d0f31401202579fd62a94"
  name = "github.com/golang/mock"
  packages = ["gomock"]
  pruneopts = "UT"
  revision = "51421b967af1f557f93a59e0057aaf15ca02e29c"
  version = "v1.2.0"

[[projects]]
  digest = "1:582b704bebaa06b48c29b0cec224a6058a09c86883aaddabde889cd1a5f73e1b"
  name = "github.com/google/uuid"
  packages = ["."]
  pruneopts = "UT"
  revision = "0cd6bf5da1e1c83f8b45653022c74f71af0538a4"
  version = "v1.1.1"

[[projects]]
  digest = "1:0028cb19b2e4c3112225cd871870f2d9cf49b9b4276531f03438a88e94be86fe"
  name = "github.com/pmezard/go-difflib"
  packages = ["difflib"]
  pruneopts = "UT"
  revision = "792786c7400a136282c1664665ae0a8db921c6c2"
  version = "v1.0.0"

[[projects]]
  digest = "1:9665a593c0199c193341b8b110e31b19c899923711fc70bde2c2f3eb2d337526"
  name = "github.com/rs/xhandler"
  packages = ["."]
  pruneopts = "UT"
  revision = "d9d9599b6aaf6a058cb7b1f48291ded2cbd13390"
  version = "v1.0"

[[projects]]
  branch = "master"
  digest = "1:b312ce0585169062a8b55dd8ad9bacd54cc98b056670b8638da86b5535ebcd41"
  name = "github.com/rs/xstats"
  packages = [
    ".",
    "dogstatsd",
  ]
  pruneopts = "UT"
  revision = "c67367528e160e557423e4d87059614d8c31a582"

[[projects]]
  digest = "1:9be615b2a72fc4a99e623c6776cce3afe3451741c34ea1805ea4a9b58604b9df"
  name = "github.com/rs/zerolog"
  packages = [
    ".",
    "internal/cbor",
    "internal/json",
  ]
  pruneopts = "UT"
  revision = "6d6350a51143b5c0d0a6a3b736ee2b41315f7269"
  version = "v1.12.0"

[[projects]]
  digest = "1:08d65904057412fc0270fc4812a1c90c594186819243160dc779a402d4b6d0bc"
  name = "github.com/spf13/cast"
  packages = ["."]
  pruneopts = "UT"
  revision = "8c9545af88b134710ab1cd196795e7f2388358d7"
  version = "v1.3.0"

[[projects]]
  digest = "1:972c2427413d41a1e06ca4897e8528e5a1622894050e2f527b38ddf0f343f759"
  name = "github.com/stretchr/testify"
  packages = ["assert"]
  pruneopts = "UT"
  revision = "ffdc059bfe9ce6a4e144ba849dbedead332c6053"
  version = "v1.3.0"

[[projects]]
  branch = "master"
  digest = "1:00e4c919ffc9367cb70a6f159d45ea48404f1fa99358c446f35283c07c7ebc0e"
  name = "github.com/vincent-petithory/dataurl"
  packages = ["."]
  pruneopts = "UT"
  revision = "9a301d65acbb728fcc3ace14f45f511a4cfeea9c"

[[projects]]
  branch = "master"
  digest = "1:76ee51c3f468493aff39dbacc401e8831fbb765104cbf613b89bef01cf4bad70"
  name = "golang.org/x/net"
  packages = ["context"]
  pruneopts = "UT"
  revision = "9f648a60d9775ef5c977e7669d1673a7a67bef33"

[[projects]]
  digest = "1:4d2e5a73dc1500038e504a8d78b986630e3626dc027bc030ba5c75da257cdb96"
  name = "gopkg.in/yaml.v2"
  packages = ["."]
  pruneopts = "UT"
  revision = "51d6538a90f86fe93ac480b35f37b2be17fef232"
  version = "v2.2.2"

[solve-meta]
  analyzer-name = "dep"
  analyzer-version = 1
  input-imports = [
    "github.com/asecurityteam/transportd/pkg",
    "github.com/asecurityteam/transportd/pkg/components",
    "github.com/golang/mock/gomock",
    "github.com/stretchr/testify/assert",
  ]
  solver-name = "gps-cdcl"
  solver-version = 1
